dependencies:
- name: ilm-lib
  repository: file://../ilm-lib
  version: 1.4.2-1-develop
- name: messaging-rabbitmq
  repository: file://../messaging-rabbitmq
  version: 4.2.0-3-develop
digest: sha256:7ab5b58dcd2362a6f2c88d0a63a695c3291b796d8599ff9556b7310fdd975eb6
generated: "2026-05-20T09:22:38.138394+02:00"
