dependencies:
- name: ilm-lib
  repository: file://../ilm-lib
  version: 1.4.2-1
- name: messaging-rabbitmq
  repository: file://../messaging-rabbitmq
  version: 4.2.0-2-develop
digest: sha256:a4576508e1beb9466abe899b9c9f320bf712cad0b82cb4bb23718648ae7d7f32
generated: "2026-06-16T09:34:08.268764+02:00"
